
Microsoft Visual Studio Solution File, Format Version 12.00
# Visual Studio Version 16
VisualStudioVersion = 16.0.31112.23
MinimumVisualStudioVersion = 10.0.40219.1
Project("{FAE04EC0-301F-11D3-BF4B-00C04F79EFBC}") = "GitHubPushRelease", "GitHubPushRelease\GitHubPushRelease.csproj", "{37C2C40E-40C8-4D8F-92C1-EDE49F6A556B}"
EndProject
Global
	GlobalSection(SolutionConfigurationPlatforms) = preSolution
		Debug|Any CPU = Debug|Any CPU
		Release|Any CPU = Release|Any CPU
	EndGlobalSection
	GlobalSection(ProjectConfigurationPlatforms) = postSolution
		{37C2C40E-40C8-4D8F-92C1-EDE49F6A556B}.Debug|Any CPU.ActiveCfg = Debug|Any CPU
		{37C2C40E-40C8-4D8F-92C1-EDE49F6A556B}.Debug|Any CPU.Build.0 = Debug|Any CPU
		{37C2C40E-40C8-4D8F-92C1-EDE49F6A556B}.Release|Any CPU.ActiveCfg = Release|Any CPU
		{37C2C40E-40C8-4D8F-92C1-EDE49F6A556B}.Release|Any CPU.Build.0 = Release|Any CPU
	EndGlobalSection
	GlobalSection(SolutionProperties) = preSolution
		HideSolutionNode = FALSE
	EndGlobalSection
	GlobalSection(ExtensibilityGlobals) = postSolution
		SolutionGuid = {1156E89E-82F1-491A-9DC7-7AD5E502FE87}
	EndGlobalSection
EndGlobal
